// !$*UTF8*$!
{
	archiveVersion = 1;
	classes = {
	};
	objectVersion = 77;
	objects = {

/* Begin PBXBuildFile section */
		02D85B5C75E2B30D9937D38A /* EditorViewController.swift in Sources */ = {isa = PBXBuildFile; fileRef = CA02241952732778C13A5128 /* EditorViewController.swift */; };
		11589CF10B8AD6F4CF53126F /* icon_presentation@2x.png in Resources */ = {isa = PBXBuildFile; fileRef = 26795BE12FDC16CB47E09A19 /* icon_presentation@2x.png */; };
		1180C213817190204A474B3C /* icon_editor_split.png in Resources */ = {isa = PBXBuildFile; fileRef = C57E075DAFC6DD5483C6CCEC /* icon_editor_split.png */; };
		14AB5E7627BA2DD8AC5BA808 /* NSColor+Hex.swift in Sources */ = {isa = PBXBuildFile; fileRef = A71110AC841DD3D46A322C58 /* NSColor+Hex.swift */; };
		17246E435B4F0C4D3C1EB867 /* BlogPost.swift in Sources */ = {isa = PBXBuildFile; fileRef = C36E8A60CE119FBB440386E3 /* BlogPost.swift */; };
		1C00986CF05A3A0EFFE4B109 /* BlogSettings.swift in Sources */ = {isa = PBXBuildFile; fileRef = CB5B1372705BFBDBA4937884 /* BlogSettings.swift */; };
		2349CC80C984A40FB7F6786D /* icon_sidebar_left@2x.png in Resources */ = {isa = PBXBuildFile; fileRef = 39848F1759BBE5FD570CBFD4 /* icon_sidebar_left@2x.png */; };
		24224B615AE544B7AAB66F64 /* icon_add_project.png in Resources */ = {isa = PBXBuildFile; fileRef = 6F7B7F985C5D410F75C1BF2D /* icon_add_project.png */; };
		25C0EE79638AAE926113ADE0 /* icon_preview.png in Resources */ = {isa = PBXBuildFile; fileRef = 32CF4F86C7A52BD85081C0E5 /* icon_preview.png */; };
		285321FC71DB5721B5A75227 /* AIRunner.swift in Sources */ = {isa = PBXBuildFile; fileRef = 5F353C709AD0398468C918F4 /* AIRunner.swift */; };
		2E865B077B973DE07887C418 /* MainWindowController.swift in Sources */ = {isa = PBXBuildFile; fileRef = 9567B45F7E6901ACC4355532 /* MainWindowController.swift */; };
		2EB298EB3E7DC88CBCEC2327 /* AIChatViewController.swift in Sources */ = {isa = PBXBuildFile; fileRef = 5756DD2A187820C254D59610 /* AIChatViewController.swift */; };
		31613BF44A650060BA40CEDA /* PreviewViewController.swift in Sources */ = {isa = PBXBuildFile; fileRef = 59BE8D1784EF0A2CA08C10E7 /* PreviewViewController.swift */; };
		4D1D8347387B36E85CAF4B04 /* icon_format.svg in Resources */ = {isa = PBXBuildFile; fileRef = A1A4D9141A256C993C9A8C57 /* icon_format.svg */; };
		53F2EED329458B1BF7A8A8C8 /* icon_format_dark.svg in Resources */ = {isa = PBXBuildFile; fileRef = A4889DB25C73923DBEC6807C /* icon_format_dark.svg */; };
		5CD999371EE2694A2F8D08E6 /* MarkdownTextView.swift in Sources */ = {isa = PBXBuildFile; fileRef = B9A8A48AF6019E56C69BFFB8 /* MarkdownTextView.swift */; };
		7CC08C5E4F67D879D748242D /* icon_preview.svg in Resources */ = {isa = PBXBuildFile; fileRef = BA8C9BFC16D8BC9C0A99FFA8 /* icon_preview.svg */; };
		8DE8D145A78BE9E5DA357089 /* icon_sidebar_left.png in Resources */ = {isa = PBXBuildFile; fileRef = 8B3A189F246B90627C92EE4E /* icon_sidebar_left.png */; };
		9DAE942B6D531D1FB0DA4E4A /* icon_format@2x.png in Resources */ = {isa = PBXBuildFile; fileRef = 955782031697FEF4826A4C31 /* icon_format@2x.png */; };
		A7CD3382A3552869C23F970A /* AIPromptPopover.swift in Sources */ = {isa = PBXBuildFile; fileRef = 33085FB7FFB2A3FE78963B68 /* AIPromptPopover.swift */; };
		A8C0D202C9D912A9006AAB34 /* icon_sidebar_left.svg in Resources */ = {isa = PBXBuildFile; fileRef = FA9F38C837A84829D8B037CF /* icon_sidebar_left.svg */; };
		AB0DB010F9B35EB9A9E44E62 /* icon_sidebar_left_dark.svg in Resources */ = {isa = PBXBuildFile; fileRef = 1D722D97E1C7570938CF35FF /* icon_sidebar_left_dark.svg */; };
		B016877DE0DD60E1A5059180 /* AppDelegate.swift in Sources */ = {isa = PBXBuildFile; fileRef = 6DC21E93349C626F68CFF81A /* AppDelegate.swift */; };
		B4F0B19CF6898C2931FD39A6 /* icon_presentation_dark.svg in Resources */ = {isa = PBXBuildFile; fileRef = B3E162C47C5FC5C81DBC47B8 /* icon_presentation_dark.svg */; };
		C2A8DC1287B72D1C74550F35 /* icon_presentation.png in Resources */ = {isa = PBXBuildFile; fileRef = D379887C7298AEFA82CA2A8C /* icon_presentation.png */; };
		C36E0BCE958BFB34BA5339AA /* icon_preview_dark.svg in Resources */ = {isa = PBXBuildFile; fileRef = EBE1A5A6CF1316FE1B4A5BF2 /* icon_preview_dark.svg */; };
		CBC6799C13493AAB3ED596AF /* main.swift in Sources */ = {isa = PBXBuildFile; fileRef = 4164561E6AA018D3DEB96832 /* main.swift */; };
		D2B722619F009EB6DED3C4F5 /* icon_editor_split@2x.png in Resources */ = {isa = PBXBuildFile; fileRef = D8D55844BCFCBA5147CD2360 /* icon_editor_split@2x.png */; };
		DB3ACB2B04A471EC34451ADA /* BuildRunner.swift in Sources */ = {isa = PBXBuildFile; fileRef = 5013D6FF07CDFECDC87C274C /* BuildRunner.swift */; };
		E577EC5559B5F63FD56A070A /* icon_editor_split_dark.svg in Resources */ = {isa = PBXBuildFile; fileRef = D86911A10C1DF58C4BF06A48 /* icon_editor_split_dark.svg */; };
		E6E0DC855520DFD20728E621 /* icon_add_project.svg in Resources */ = {isa = PBXBuildFile; fileRef = CD0F80EF030A2910417D2394 /* icon_add_project.svg */; };
		EA507D9CC66C7F29C37A914E /* icon_editor_split.svg in Resources */ = {isa = PBXBuildFile; fileRef = 7E80CAA235C1C77B45D88420 /* icon_editor_split.svg */; };
		EADC46A28464452932A1CB8F /* icon_format.png in Resources */ = {isa = PBXBuildFile; fileRef = 63B3E706E5B69437628B804E /* icon_format.png */; };
		F613420FC1D5E36B4A15E594 /* SidebarViewController.swift in Sources */ = {isa = PBXBuildFile; fileRef = E207DCF4429F2D8FD8F61ABF /* SidebarViewController.swift */; };
		FB0F3BF4D1D03D3391AD0F3C /* icon_preview@2x.png in Resources */ = {isa = PBXBuildFile; fileRef = DB58B947C6E579186FA15103 /* icon_preview@2x.png */; };
		FB3770A961F61C064DC37DE4 /* icon_add_project@2x.png in Resources */ = {isa = PBXBuildFile; fileRef = F4C96FBAB9285921F99C8961 /* icon_add_project@2x.png */; };
		FBF408674AD4EC66C55D041C /* icon_presentation.svg in Resources */ = {isa = PBXBuildFile; fileRef = 69BF86615CF5069CC7959314 /* icon_presentation.svg */; };
		FD36A0F6DF9DA1219528DD70 /* Images.xcassets in Resources */ = {isa = PBXBuildFile; fileRef = DE53C6DC8D3DFBD92C536C4B /* Images.xcassets */; };
/* End PBXBuildFile section */

/* Begin PBXFileReference section */
		1D722D97E1C7570938CF35FF /* icon_sidebar_left_dark.svg */ = {isa = PBXFileReference; path = icon_sidebar_left_dark.svg; sourceTree = "<group>"; };
		26795BE12FDC16CB47E09A19 /* icon_presentation@2x.png */ = {isa = PBXFileReference; lastKnownFileType = image.png; path = "icon_presentation@2x.png"; sourceTree = "<group>"; };
		32CF4F86C7A52BD85081C0E5 /* icon_preview.png */ = {isa = PBXFileReference; lastKnownFileType = image.png; path = icon_preview.png; sourceTree = "<group>"; };
		33085FB7FFB2A3FE78963B68 /* AIPromptPopover.swift */ = {isa = PBXFileReference; lastKnownFileType = sourcecode.swift; path = AIPromptPopover.swift; sourceTree = "<group>"; };
		39848F1759BBE5FD570CBFD4 /* icon_sidebar_left@2x.png */ = {isa = PBXFileReference; lastKnownFileType = image.png; path = "icon_sidebar_left@2x.png"; sourceTree = "<group>"; };
		4164561E6AA018D3DEB96832 /* main.swift */ = {isa = PBXFileReference; lastKnownFileType = sourcecode.swift; path = main.swift; sourceTree = "<group>"; };
		5013D6FF07CDFECDC87C274C /* BuildRunner.swift */ = {isa = PBXFileReference; lastKnownFileType = sourcecode.swift; path = BuildRunner.swift; sourceTree = "<group>"; };
		5756DD2A187820C254D59610 /* AIChatViewController.swift */ = {isa = PBXFileReference; lastKnownFileType = sourcecode.swift; path = AIChatViewController.swift; sourceTree = "<group>"; };
		59BE8D1784EF0A2CA08C10E7 /* PreviewViewController.swift */ = {isa = PBXFileReference; lastKnownFileType = sourcecode.swift; path = PreviewViewController.swift; sourceTree = "<group>"; };
		5F353C709AD0398468C918F4 /* AIRunner.swift */ = {isa = PBXFileReference; lastKnownFileType = sourcecode.swift; path = AIRunner.swift; sourceTree = "<group>"; };
		63B3E706E5B69437628B804E /* icon_format.png */ = {isa = PBXFileReference; lastKnownFileType = image.png; path = icon_format.png; sourceTree = "<group>"; };
		6573C65DA2369C393A1CDF7B /* JunEdit.entitlements */ = {isa = PBXFileReference; lastKnownFileType = text.plist.entitlements; path = JunEdit.entitlements; sourceTree = "<group>"; };
		69BF86615CF5069CC7959314 /* icon_presentation.svg */ = {isa = PBXFileReference; path = icon_presentation.svg; sourceTree = "<group>"; };
		6DC21E93349C626F68CFF81A /* AppDelegate.swift */ = {isa = PBXFileReference; lastKnownFileType = sourcecode.swift; path = AppDelegate.swift; sourceTree = "<group>"; };
		6F7B7F985C5D410F75C1BF2D /* icon_add_project.png */ = {isa = PBXFileReference; lastKnownFileType = image.png; path = icon_add_project.png; sourceTree = "<group>"; };
		7E80CAA235C1C77B45D88420 /* icon_editor_split.svg */ = {isa = PBXFileReference; path = icon_editor_split.svg; sourceTree = "<group>"; };
		8B3A189F246B90627C92EE4E /* icon_sidebar_left.png */ = {isa = PBXFileReference; lastKnownFileType = image.png; path = icon_sidebar_left.png; sourceTree = "<group>"; };
		905AA0A81960FE3B02BC0078 /* Info.plist */ = {isa = PBXFileReference; lastKnownFileType = text.plist; path = Info.plist; sourceTree = "<group>"; };
		955782031697FEF4826A4C31 /* icon_format@2x.png */ = {isa = PBXFileReference; lastKnownFileType = image.png; path = "icon_format@2x.png"; sourceTree = "<group>"; };
		9567B45F7E6901ACC4355532 /* MainWindowController.swift */ = {isa = PBXFileReference; lastKnownFileType = sourcecode.swift; path = MainWindowController.swift; sourceTree = "<group>"; };
		A1A4D9141A256C993C9A8C57 /* icon_format.svg */ = {isa = PBXFileReference; path = icon_format.svg; sourceTree = "<group>"; };
		A4889DB25C73923DBEC6807C /* icon_format_dark.svg */ = {isa = PBXFileReference; path = icon_format_dark.svg; sourceTree = "<group>"; };
		A71110AC841DD3D46A322C58 /* NSColor+Hex.swift */ = {isa = PBXFileReference; lastKnownFileType = sourcecode.swift; path = "NSColor+Hex.swift"; sourceTree = "<group>"; };
		A835A5682B26B2C5416CF1FA /* JunEdit.app */ = {isa = PBXFileReference; explicitFileType = wrapper.application; includeInIndex = 0; path = JunEdit.app; sourceTree = BUILT_PRODUCTS_DIR; };
		B3E162C47C5FC5C81DBC47B8 /* icon_presentation_dark.svg */ = {isa = PBXFileReference; path = icon_presentation_dark.svg; sourceTree = "<group>"; };
		B9A8A48AF6019E56C69BFFB8 /* MarkdownTextView.swift */ = {isa = PBXFileReference; lastKnownFileType = sourcecode.swift; path = MarkdownTextView.swift; sourceTree = "<group>"; };
		BA8C9BFC16D8BC9C0A99FFA8 /* icon_preview.svg */ = {isa = PBXFileReference; path = icon_preview.svg; sourceTree = "<group>"; };
		C36E8A60CE119FBB440386E3 /* BlogPost.swift */ = {isa = PBXFileReference; lastKnownFileType = sourcecode.swift; path = BlogPost.swift; sourceTree = "<group>"; };
		C57E075DAFC6DD5483C6CCEC /* icon_editor_split.png */ = {isa = PBXFileReference; lastKnownFileType = image.png; path = icon_editor_split.png; sourceTree = "<group>"; };
		CA02241952732778C13A5128 /* EditorViewController.swift */ = {isa = PBXFileReference; lastKnownFileType = sourcecode.swift; path = EditorViewController.swift; sourceTree = "<group>"; };
		CB5B1372705BFBDBA4937884 /* BlogSettings.swift */ = {isa = PBXFileReference; lastKnownFileType = sourcecode.swift; path = BlogSettings.swift; sourceTree = "<group>"; };
		CD0F80EF030A2910417D2394 /* icon_add_project.svg */ = {isa = PBXFileReference; path = icon_add_project.svg; sourceTree = "<group>"; };
		D379887C7298AEFA82CA2A8C /* icon_presentation.png */ = {isa = PBXFileReference; lastKnownFileType = image.png; path = icon_presentation.png; sourceTree = "<group>"; };
		D86911A10C1DF58C4BF06A48 /* icon_editor_split_dark.svg */ = {isa = PBXFileReference; path = icon_editor_split_dark.svg; sourceTree = "<group>"; };
		D8D55844BCFCBA5147CD2360 /* icon_editor_split@2x.png */ = {isa = PBXFileReference; lastKnownFileType = image.png; path = "icon_editor_split@2x.png"; sourceTree = "<group>"; };
		DB58B947C6E579186FA15103 /* icon_preview@2x.png */ = {isa = PBXFileReference; lastKnownFileType = image.png; path = "icon_preview@2x.png"; sourceTree = "<group>"; };
		DE53C6DC8D3DFBD92C536C4B /* Images.xcassets */ = {isa = PBXFileReference; lastKnownFileType = folder.assetcatalog; path = Images.xcassets; sourceTree = "<group>"; };
		E207DCF4429F2D8FD8F61ABF /* SidebarViewController.swift */ = {isa = PBXFileReference; lastKnownFileType = sourcecode.swift; path = SidebarViewController.swift; sourceTree = "<group>"; };
		EBE1A5A6CF1316FE1B4A5BF2 /* icon_preview_dark.svg */ = {isa = PBXFileReference; path = icon_preview_dark.svg; sourceTree = "<group>"; };
		F4C96FBAB9285921F99C8961 /* icon_add_project@2x.png */ = {isa = PBXFileReference; lastKnownFileType = image.png; path = "icon_add_project@2x.png"; sourceTree = "<group>"; };
		FA9F38C837A84829D8B037CF /* icon_sidebar_left.svg */ = {isa = PBXFileReference; path = icon_sidebar_left.svg; sourceTree = "<group>"; };
/* End PBXFileReference section */

/* Begin PBXGroup section */
		06A29B606261D1B290F51707 /* Editor */ = {
			isa = PBXGroup;
			children = (
				CA02241952732778C13A5128 /* EditorViewController.swift */,
				B9A8A48AF6019E56C69BFFB8 /* MarkdownTextView.swift */,
			);
			path = Editor;
			sourceTree = "<group>";
		};
		0E0E609C1EE77FD810C31362 /* Sidebar */ = {
			isa = PBXGroup;
			children = (
				E207DCF4429F2D8FD8F61ABF /* SidebarViewController.swift */,
			);
			path = Sidebar;
			sourceTree = "<group>";
		};
		2E45D80D77DC6F4A1E2F62BF /* Preview */ = {
			isa = PBXGroup;
			children = (
				59BE8D1784EF0A2CA08C10E7 /* PreviewViewController.swift */,
			);
			path = Preview;
			sourceTree = "<group>";
		};
		53B427EF05F4DCF3E20EC1A0 /* Helpers */ = {
			isa = PBXGroup;
			children = (
				C36E8A60CE119FBB440386E3 /* BlogPost.swift */,
				CB5B1372705BFBDBA4937884 /* BlogSettings.swift */,
				A71110AC841DD3D46A322C58 /* NSColor+Hex.swift */,
			);
			path = Helpers;
			sourceTree = "<group>";
		};
		57CA4A339EDD78E767874CFF /* Products */ = {
			isa = PBXGroup;
			children = (
				A835A5682B26B2C5416CF1FA /* JunEdit.app */,
			);
			name = Products;
			sourceTree = "<group>";
		};
		65233FFD36A8A3757D95899F /* App */ = {
			isa = PBXGroup;
			children = (
				6DC21E93349C626F68CFF81A /* AppDelegate.swift */,
				4164561E6AA018D3DEB96832 /* main.swift */,
				9567B45F7E6901ACC4355532 /* MainWindowController.swift */,
			);
			path = App;
			sourceTree = "<group>";
		};
		67C7438DB6A97B60EAFFC0EE /* AI */ = {
			isa = PBXGroup;
			children = (
				5756DD2A187820C254D59610 /* AIChatViewController.swift */,
				33085FB7FFB2A3FE78963B68 /* AIPromptPopover.swift */,
				5F353C709AD0398468C918F4 /* AIRunner.swift */,
			);
			path = AI;
			sourceTree = "<group>";
		};
		6A3256E8AF35EC4CD4D934C8 /* Sources */ = {
			isa = PBXGroup;
			children = (
				67C7438DB6A97B60EAFFC0EE /* AI */,
				65233FFD36A8A3757D95899F /* App */,
				9977397A0C575FF7197BB125 /* Build */,
				06A29B606261D1B290F51707 /* Editor */,
				53B427EF05F4DCF3E20EC1A0 /* Helpers */,
				2E45D80D77DC6F4A1E2F62BF /* Preview */,
				0E0E609C1EE77FD810C31362 /* Sidebar */,
			);
			path = Sources;
			sourceTree = "<group>";
		};
		9977397A0C575FF7197BB125 /* Build */ = {
			isa = PBXGroup;
			children = (
				5013D6FF07CDFECDC87C274C /* BuildRunner.swift */,
			);
			path = Build;
			sourceTree = "<group>";
		};
		AB7795D82563053897F9D368 /* Resources */ = {
			isa = PBXGroup;
			children = (
				DE53C6DC8D3DFBD92C536C4B /* Images.xcassets */,
				905AA0A81960FE3B02BC0078 /* Info.plist */,
				6573C65DA2369C393A1CDF7B /* JunEdit.entitlements */,
				C97D3B877CF114570E56F996 /* Icons */,
			);
			path = Resources;
			sourceTree = "<group>";
		};
		C97D3B877CF114570E56F996 /* Icons */ = {
			isa = PBXGroup;
			children = (
				6F7B7F985C5D410F75C1BF2D /* icon_add_project.png */,
				CD0F80EF030A2910417D2394 /* icon_add_project.svg */,
				F4C96FBAB9285921F99C8961 /* icon_add_project@2x.png */,
				D86911A10C1DF58C4BF06A48 /* icon_editor_split_dark.svg */,
				C57E075DAFC6DD5483C6CCEC /* icon_editor_split.png */,
				7E80CAA235C1C77B45D88420 /* icon_editor_split.svg */,
				D8D55844BCFCBA5147CD2360 /* icon_editor_split@2x.png */,
				A4889DB25C73923DBEC6807C /* icon_format_dark.svg */,
				63B3E706E5B69437628B804E /* icon_format.png */,
				A1A4D9141A256C993C9A8C57 /* icon_format.svg */,
				955782031697FEF4826A4C31 /* icon_format@2x.png */,
				B3E162C47C5FC5C81DBC47B8 /* icon_presentation_dark.svg */,
				D379887C7298AEFA82CA2A8C /* icon_presentation.png */,
				69BF86615CF5069CC7959314 /* icon_presentation.svg */,
				26795BE12FDC16CB47E09A19 /* icon_presentation@2x.png */,
				EBE1A5A6CF1316FE1B4A5BF2 /* icon_preview_dark.svg */,
				32CF4F86C7A52BD85081C0E5 /* icon_preview.png */,
				BA8C9BFC16D8BC9C0A99FFA8 /* icon_preview.svg */,
				DB58B947C6E579186FA15103 /* icon_preview@2x.png */,
				1D722D97E1C7570938CF35FF /* icon_sidebar_left_dark.svg */,
				8B3A189F246B90627C92EE4E /* icon_sidebar_left.png */,
				FA9F38C837A84829D8B037CF /* icon_sidebar_left.svg */,
				39848F1759BBE5FD570CBFD4 /* icon_sidebar_left@2x.png */,
			);
			path = Icons;
			sourceTree = "<group>";
		};
		EB6E6EA04D57E4ACD820D370 = {
			isa = PBXGroup;
			children = (
				AB7795D82563053897F9D368 /* Resources */,
				6A3256E8AF35EC4CD4D934C8 /* Sources */,
				57CA4A339EDD78E767874CFF /* Products */,
			);
			sourceTree = "<group>";
		};
/* End PBXGroup section */

/* Begin PBXNativeTarget section */
		30888936FAEEDA1C75D86678 /* JunEdit */ = {
			isa = PBXNativeTarget;
			buildConfigurationList = ACB65BBEF486E5936FFFDA78 /* Build configuration list for PBXNativeTarget "JunEdit" */;
			buildPhases = (
				1B2BA5840E64151A69BB8582 /* Sources */,
				F7AFEC13B6AAF1B299E268DE /* Resources */,
			);
			buildRules = (
			);
			dependencies = (
			);
			name = JunEdit;
			packageProductDependencies = (
			);
			productName = JunEdit;
			productReference = A835A5682B26B2C5416CF1FA /* JunEdit.app */;
			productType = "com.apple.product-type.application";
		};
/* End PBXNativeTarget section */

/* Begin PBXProject section */
		BDE4622372E94EC9333E5159 /* Project object */ = {
			isa = PBXProject;
			attributes = {
				BuildIndependentTargetsInParallel = YES;
				LastUpgradeCheck = 1500;
				TargetAttributes = {
					30888936FAEEDA1C75D86678 = {
						ProvisioningStyle = Manual;
					};
				};
			};
			buildConfigurationList = 180AC7D30697EA58C245C6A1 /* Build configuration list for PBXProject "JunEdit" */;
			compatibilityVersion = "Xcode 14.0";
			developmentRegion = en;
			hasScannedForEncodings = 0;
			knownRegions = (
				Base,
				en,
			);
			mainGroup = EB6E6EA04D57E4ACD820D370;
			minimizedProjectReferenceProxies = 1;
			preferredProjectObjectVersion = 77;
			projectDirPath = "";
			projectRoot = "";
			targets = (
				30888936FAEEDA1C75D86678 /* JunEdit */,
			);
		};
/* End PBXProject section */

/* Begin PBXResourcesBuildPhase section */
		F7AFEC13B6AAF1B299E268DE /* Resources */ = {
			isa = PBXResourcesBuildPhase;
			buildActionMask = 2147483647;
			files = (
				FD36A0F6DF9DA1219528DD70 /* Images.xcassets in Resources */,
				24224B615AE544B7AAB66F64 /* icon_add_project.png in Resources */,
				E6E0DC855520DFD20728E621 /* icon_add_project.svg in Resources */,
				FB3770A961F61C064DC37DE4 /* icon_add_project@2x.png in Resources */,
				1180C213817190204A474B3C /* icon_editor_split.png in Resources */,
				EA507D9CC66C7F29C37A914E /* icon_editor_split.svg in Resources */,
				D2B722619F009EB6DED3C4F5 /* icon_editor_split@2x.png in Resources */,
				E577EC5559B5F63FD56A070A /* icon_editor_split_dark.svg in Resources */,
				EADC46A28464452932A1CB8F /* icon_format.png in Resources */,
				4D1D8347387B36E85CAF4B04 /* icon_format.svg in Resources */,
				9DAE942B6D531D1FB0DA4E4A /* icon_format@2x.png in Resources */,
				53F2EED329458B1BF7A8A8C8 /* icon_format_dark.svg in Resources */,
				C2A8DC1287B72D1C74550F35 /* icon_presentation.png in Resources */,
				FBF408674AD4EC66C55D041C /* icon_presentation.svg in Resources */,
				11589CF10B8AD6F4CF53126F /* icon_presentation@2x.png in Resources */,
				B4F0B19CF6898C2931FD39A6 /* icon_presentation_dark.svg in Resources */,
				25C0EE79638AAE926113ADE0 /* icon_preview.png in Resources */,
				7CC08C5E4F67D879D748242D /* icon_preview.svg in Resources */,
				FB0F3BF4D1D03D3391AD0F3C /* icon_preview@2x.png in Resources */,
				C36E0BCE958BFB34BA5339AA /* icon_preview_dark.svg in Resources */,
				8DE8D145A78BE9E5DA357089 /* icon_sidebar_left.png in Resources */,
				A8C0D202C9D912A9006AAB34 /* icon_sidebar_left.svg in Resources */,
				2349CC80C984A40FB7F6786D /* icon_sidebar_left@2x.png in Resources */,
				AB0DB010F9B35EB9A9E44E62 /* icon_sidebar_left_dark.svg in Resources */,
			);
			runOnlyForDeploymentPostprocessing = 0;
		};
/* End PBXResourcesBuildPhase section */

/* Begin PBXSourcesBuildPhase section */
		1B2BA5840E64151A69BB8582 /* Sources */ = {
			isa = PBXSourcesBuildPhase;
			buildActionMask = 2147483647;
			files = (
				2EB298EB3E7DC88CBCEC2327 /* AIChatViewController.swift in Sources */,
				A7CD3382A3552869C23F970A /* AIPromptPopover.swift in Sources */,
				285321FC71DB5721B5A75227 /* AIRunner.swift in Sources */,
				B016877DE0DD60E1A5059180 /* AppDelegate.swift in Sources */,
				17246E435B4F0C4D3C1EB867 /* BlogPost.swift in Sources */,
				1C00986CF05A3A0EFFE4B109 /* BlogSettings.swift in Sources */,
				DB3ACB2B04A471EC34451ADA /* BuildRunner.swift in Sources */,
				02D85B5C75E2B30D9937D38A /* EditorViewController.swift in Sources */,
				2E865B077B973DE07887C418 /* MainWindowController.swift in Sources */,
				5CD999371EE2694A2F8D08E6 /* MarkdownTextView.swift in Sources */,
				14AB5E7627BA2DD8AC5BA808 /* NSColor+Hex.swift in Sources */,
				31613BF44A650060BA40CEDA /* PreviewViewController.swift in Sources */,
				F613420FC1D5E36B4A15E594 /* SidebarViewController.swift in Sources */,
				CBC6799C13493AAB3ED596AF /* main.swift in Sources */,
			);
			runOnlyForDeploymentPostprocessing = 0;
		};
/* End PBXSourcesBuildPhase section */

/* Begin XCBuildConfiguration section */
		4C7E1FC1D5575C5F7C6B91F4 /* Debug */ = {
			isa = XCBuildConfiguration;
			buildSettings = {
				ALWAYS_SEARCH_USER_PATHS = NO;
				CLANG_ANALYZER_NONNULL = YES;
				CLANG_ANALYZER_NUMBER_OBJECT_CONVERSION = YES_AGGRESSIVE;
				CLANG_CXX_LANGUAGE_STANDARD = "gnu++14";
				CLANG_CXX_LIBRARY = "libc++";
				CLANG_ENABLE_MODULES = YES;
				CLANG_ENABLE_OBJC_ARC = YES;
				CLANG_ENABLE_OBJC_WEAK = YES;
				CLANG_WARN_BLOCK_CAPTURE_AUTORELEASING = YES;
				CLANG_WARN_BOOL_CONVERSION = YES;
				CLANG_WARN_COMMA = YES;
				CLANG_WARN_CONSTANT_CONVERSION = YES;
				CLANG_WARN_DEPRECATED_OBJC_IMPLEMENTATIONS = YES;
				CLANG_WARN_DIRECT_OBJC_ISA_USAGE = YES_ERROR;
				CLANG_WARN_DOCUMENTATION_COMMENTS = YES;
				CLANG_WARN_EMPTY_BODY = YES;
				CLANG_WARN_ENUM_CONVERSION = YES;
				CLANG_WARN_INFINITE_RECURSION = YES;
				CLANG_WARN_INT_CONVERSION = YES;
				CLANG_WARN_NON_LITERAL_NULL_CONVERSION = YES;
				CLANG_WARN_OBJC_IMPLICIT_RETAIN_SELF = YES;
				CLANG_WARN_OBJC_LITERAL_CONVERSION = YES;
				CLANG_WARN_OBJC_ROOT_CLASS = YES_ERROR;
				CLANG_WARN_QUOTED_INCLUDE_IN_FRAMEWORK_HEADER = YES;
				CLANG_WARN_RANGE_LOOP_ANALYSIS = YES;
				CLANG_WARN_STRICT_PROTOTYPES = YES;
				CLANG_WARN_SUSPICIOUS_MOVE = YES;
				CLANG_WARN_UNGUARDED_AVAILABILITY = YES_AGGRESSIVE;
				CLANG_WARN_UNREACHABLE_CODE = YES;
				CLANG_WARN__DUPLICATE_METHOD_MATCH = YES;
				COPY_PHASE_STRIP = NO;
				DEBUG_INFORMATION_FORMAT = dwarf;
				ENABLE_STRICT_OBJC_MSGSEND = YES;
				ENABLE_TESTABILITY = YES;
				GCC_C_LANGUAGE_STANDARD = gnu11;
				GCC_DYNAMIC_NO_PIC = NO;
				GCC_NO_COMMON_BLOCKS = YES;
				GCC_OPTIMIZATION_LEVEL = 0;
				GCC_PREPROCESSOR_DEFINITIONS = (
					"$(inherited)",
					"DEBUG=1",
				);
				GCC_WARN_64_TO_32_BIT_CONVERSION = YES;
				GCC_WARN_ABOUT_RETURN_TYPE = YES_ERROR;
				GCC_WARN_UNDECLARED_SELECTOR = YES;
				GCC_WARN_UNINITIALIZED_AUTOS = YES_AGGRESSIVE;
				GCC_WARN_UNUSED_FUNCTION = YES;
				GCC_WARN_UNUSED_VARIABLE = YES;
				MACOSX_DEPLOYMENT_TARGET = 13.0;
				MTL_ENABLE_DEBUG_INFO = INCLUDE_SOURCE;
				MTL_FAST_MATH = YES;
				ONLY_ACTIVE_ARCH = YES;
				PRODUCT_NAME = "$(TARGET_NAME)";
				SDKROOT = macosx;
				SWIFT_ACTIVE_COMPILATION_CONDITIONS = DEBUG;
				SWIFT_OPTIMIZATION_LEVEL = "-Onone";
				SWIFT_VERSION = 5.9;
			};
			name = Debug;
		};
		5947CE679E975FD5DBA5F268 /* Release */ = {
			isa = XCBuildConfiguration;
			buildSettings = {
				ALWAYS_SEARCH_USER_PATHS = NO;
				CLANG_ANALYZER_NONNULL = YES;
				CLANG_ANALYZER_NUMBER_OBJECT_CONVERSION = YES_AGGRESSIVE;
				CLANG_CXX_LANGUAGE_STANDARD = "gnu++14";
				CLANG_CXX_LIBRARY = "libc++";
				CLANG_ENABLE_MODULES = YES;
				CLANG_ENABLE_OBJC_ARC = YES;
				CLANG_ENABLE_OBJC_WEAK = YES;
				CLANG_WARN_BLOCK_CAPTURE_AUTORELEASING = YES;
				CLANG_WARN_BOOL_CONVERSION = YES;
				CLANG_WARN_COMMA = YES;
				CLANG_WARN_CONSTANT_CONVERSION = YES;
				CLANG_WARN_DEPRECATED_OBJC_IMPLEMENTATIONS = YES;
				CLANG_WARN_DIRECT_OBJC_ISA_USAGE = YES_ERROR;
				CLANG_WARN_DOCUMENTATION_COMMENTS = YES;
				CLANG_WARN_EMPTY_BODY = YES;
				CLANG_WARN_ENUM_CONVERSION = YES;
				CLANG_WARN_INFINITE_RECURSION = YES;
				CLANG_WARN_INT_CONVERSION = YES;
				CLANG_WARN_NON_LITERAL_NULL_CONVERSION = YES;
				CLANG_WARN_OBJC_IMPLICIT_RETAIN_SELF = YES;
				CLANG_WARN_OBJC_LITERAL_CONVERSION = YES;
				CLANG_WARN_OBJC_ROOT_CLASS = YES_ERROR;
				CLANG_WARN_QUOTED_INCLUDE_IN_FRAMEWORK_HEADER = YES;
				CLANG_WARN_RANGE_LOOP_ANALYSIS = YES;
				CLANG_WARN_STRICT_PROTOTYPES = YES;
				CLANG_WARN_SUSPICIOUS_MOVE = YES;
				CLANG_WARN_UNGUARDED_AVAILABILITY = YES_AGGRESSIVE;
				CLANG_WARN_UNREACHABLE_CODE = YES;
				CLANG_WARN__DUPLICATE_METHOD_MATCH = YES;
				COPY_PHASE_STRIP = NO;
				DEBUG_INFORMATION_FORMAT = "dwarf-with-dsym";
				ENABLE_NS_ASSERTIONS = NO;
				ENABLE_STRICT_OBJC_MSGSEND = YES;
				GCC_C_LANGUAGE_STANDARD = gnu11;
				GCC_NO_COMMON_BLOCKS = YES;
				GCC_WARN_64_TO_32_BIT_CONVERSION = YES;
				GCC_WARN_ABOUT_RETURN_TYPE = YES_ERROR;
				GCC_WARN_UNDECLARED_SELECTOR = YES;
				GCC_WARN_UNINITIALIZED_AUTOS = YES_AGGRESSIVE;
				GCC_WARN_UNUSED_FUNCTION = YES;
				GCC_WARN_UNUSED_VARIABLE = YES;
				MACOSX_DEPLOYMENT_TARGET = 13.0;
				MTL_ENABLE_DEBUG_INFO = NO;
				MTL_FAST_MATH = YES;
				PRODUCT_NAME = "$(TARGET_NAME)";
				SDKROOT = macosx;
				SWIFT_COMPILATION_MODE = wholemodule;
				SWIFT_OPTIMIZATION_LEVEL = "-O";
				SWIFT_VERSION = 5.9;
			};
			name = Release;
		};
		6F20F7DD20DE2CDBB2686496 /* Debug */ = {
			isa = XCBuildConfiguration;
			buildSettings = {
				ASSETCATALOG_COMPILER_APPICON_NAME = AppIcon;
				CODE_SIGN_ENTITLEMENTS = Resources/JunEdit.entitlements;
				CODE_SIGN_IDENTITY = "-";
				CODE_SIGN_STYLE = Manual;
				COMBINE_HIDPI_IMAGES = YES;
				INFOPLIST_FILE = Resources/Info.plist;
				LD_RUNPATH_SEARCH_PATHS = (
					"$(inherited)",
					"@executable_path/../Frameworks",
				);
				PRODUCT_BUNDLE_IDENTIFIER = com.junhe.JunEdit;
				PRODUCT_NAME = JunEdit;
				SDKROOT = macosx;
			};
			name = Debug;
		};
		8BA1B08633639BC993788775 /* Release */ = {
			isa = XCBuildConfiguration;
			buildSettings = {
				ASSETCATALOG_COMPILER_APPICON_NAME = AppIcon;
				CODE_SIGN_ENTITLEMENTS = Resources/JunEdit.entitlements;
				CODE_SIGN_IDENTITY = "-";
				CODE_SIGN_STYLE = Manual;
				COMBINE_HIDPI_IMAGES = YES;
				INFOPLIST_FILE = Resources/Info.plist;
				LD_RUNPATH_SEARCH_PATHS = (
					"$(inherited)",
					"@executable_path/../Frameworks",
				);
				PRODUCT_BUNDLE_IDENTIFIER = com.junhe.JunEdit;
				PRODUCT_NAME = JunEdit;
				SDKROOT = macosx;
			};
			name = Release;
		};
/* End XCBuildConfiguration section */

/* Begin XCConfigurationList section */
		180AC7D30697EA58C245C6A1 /* Build configuration list for PBXProject "JunEdit" */ = {
			isa = XCConfigurationList;
			buildConfigurations = (
				4C7E1FC1D5575C5F7C6B91F4 /* Debug */,
				5947CE679E975FD5DBA5F268 /* Release */,
			);
			defaultConfigurationIsVisible = 0;
			defaultConfigurationName = Debug;
		};
		ACB65BBEF486E5936FFFDA78 /* Build configuration list for PBXNativeTarget "JunEdit" */ = {
			isa = XCConfigurationList;
			buildConfigurations = (
				6F20F7DD20DE2CDBB2686496 /* Debug */,
				8BA1B08633639BC993788775 /* Release */,
			);
			defaultConfigurationIsVisible = 0;
			defaultConfigurationName = Debug;
		};
/* End XCConfigurationList section */
	};
	rootObject = BDE4622372E94EC9333E5159 /* Project object */;
}
